
Microsoft Visual Studio Solution File, Format Version 12.00
# Visual Studio Version 16
VisualStudioVersion = 16.0.28803.202
MinimumVisualStudioVersion = 10.0.40219.1
Project("{FAE04EC0-301F-11D3-BF4B-00C04F79EFBC}") = "UxLib.Demo", "UxLib.Demo\UxLib.Demo.csproj", "{C3EDAF29-49E0-45E7-A1D4-A2088C4C396C}"
EndProject
Project("{FAE04EC0-301F-11D3-BF4B-00C04F79EFBC}") = "UxLib", "WpfCustomControlLibrary1\UxLib.csproj", "{1561A27C-E3E5-4F11-AF56-3808180F9399}"
EndProject
Global
	GlobalSection(SolutionConfigurationPlatforms) = preSolution
		Debug|Any CPU = Debug|Any CPU
		Release|Any CPU = Release|Any CPU
	EndGlobalSection
	GlobalSection(ProjectConfigurationPlatforms) = postSolution
		{C3EDAF29-49E0-45E7-A1D4-A2088C4C396C}.Debug|Any CPU.ActiveCfg = Debug|Any CPU
		{C3EDAF29-49E0-45E7-A1D4-A2088C4C396C}.Debug|Any CPU.Build.0 = Debug|Any CPU
		{C3EDAF29-49E0-45E7-A1D4-A2088C4C396C}.Release|Any CPU.ActiveCfg = Release|Any CPU
		{C3EDAF29-49E0-45E7-A1D4-A2088C4C396C}.Release|Any CPU.Build.0 = Release|Any CPU
		{1561A27C-E3E5-4F11-AF56-3808180F9399}.Debug|Any CPU.ActiveCfg = Debug|Any CPU
		{1561A27C-E3E5-4F11-AF56-3808180F9399}.Debug|Any CPU.Build.0 = Debug|Any CPU
		{1561A27C-E3E5-4F11-AF56-3808180F9399}.Release|Any CPU.ActiveCfg = Release|Any CPU
		{1561A27C-E3E5-4F11-AF56-3808180F9399}.Release|Any CPU.Build.0 = Release|Any CPU
	EndGlobalSection
	GlobalSection(SolutionProperties) = preSolution
		HideSolutionNode = FALSE
	EndGlobalSection
	GlobalSection(ExtensibilityGlobals) = postSolution
		SolutionGuid = {E1914043-3F76-44DE-85B9-E70788742B03}
	EndGlobalSection
EndGlobal
